{
  "name": "unifi-protect-first-dashboard",
  "version": "3.3.1",
  "lockfileVersion": 3,
  "requires": true,
  "packages": {
    "": {
      "name": "unifi-protect-first-dashboard",
      "version": "3.3.1",
      "dependencies": {
        "unifi-protect": "5.3.1",
        "ws": "8.21.3"
      },
      "engines": {
        "node": ">=22.20.0"
      }
    },
    "node_modules/undici": {
      "version": "8.10.0",
      "resolved": "https://registry.npmjs.org/undici/-/undici-8.10.0.tgz",
      "integrity": "sha512-HvltHd7avK13QIw/oLe4qoOLyoVSoafqJ2jYOrtMRBkbYT31eiBQ8O0ehRKZiEZCMEyLFQNIADpgCWC5fALvYQ==",
      "license": "MIT",
      "engines": {
        "node": ">=22.19.0"
      }
    },
    "node_modules/unifi-protect": {
      "version": "5.3.1",
      "resolved": "https://registry.npmjs.org/unifi-protect/-/unifi-protect-5.3.1.tgz",
      "integrity": "sha512-i8opzIUia8KioScIAKhlbtoyrZGUIC6he6DvAErOzl1azlRyhs5Ehls+CIcMe0FV8P4DN+2YNrNZXmEBDHnC6Q==",
      "license": "ISC",
      "dependencies": {
        "undici": "8.10.0"
      },
      "bin": {
        "ufp": "dist/util/cli/index.js"
      },
      "engines": {
        "node": ">=22.20"
      }
    },
    "node_modules/ws": {
      "version": "8.21.3",
      "resolved": "https://registry.npmjs.org/ws/-/ws-8.21.3.tgz",
      "integrity": "sha512-201TZ/kPWxoPr/OKWjquZR1SWKXcvxdH+e1xrx89b3YbmzLMFCLfnaG1HFIgWzJOEWZ7MvpK++odZufgYR50Rw==",
      "license": "MIT",
      "engines": {
        "node": ">=10.0.0"
      },
      "peerDependencies": {
        "bufferutil": "^4.0.1",
        "utf-8-validate": ">=5.0.2"
      },
      "peerDependenciesMeta": {
        "bufferutil": {
          "optional": true
        },
        "utf-8-validate": {
          "optional": true
        }
      }
    }
  }
}
